
Microsoft Visual Studio Solution File, Format Version 12.00
# Visual Studio Version 17
VisualStudioVersion = 17.5.2.0
MinimumVisualStudioVersion = 10.0.40219.1
Project("{2150E333-8FDC-42A3-9474-1A3956D46DE8}") = "src", "src", "{827E0CD3-B72D-47B6-A68D-7590B98EB39B}"
EndProject
Project("{2150E333-8FDC-42A3-9474-1A3956D46DE8}") = "Bootstrapper", "Bootstrapper", "{A42421DF-83F2-EC56-5368-8ED134CB703A}"
EndProject
Project("{FAE04EC0-301F-11D3-BF4B-00C04F79EFBC}") = "Pam.Api", "src\Bootstrapper\Pam.Api\Pam.Api.csproj", "{F631B559-010E-6247-D0A9-8D145C902E44}"
EndProject
Project("{2150E333-8FDC-42A3-9474-1A3956D46DE8}") = "Shared", "Shared", "{C8E42992-5E42-0C2B-DBFE-AA848D06431C}"
EndProject
Project("{FAE04EC0-301F-11D3-BF4B-00C04F79EFBC}") = "Pam.Shared.Contracts", "src\Shared\Pam.Shared.Contracts\Pam.Shared.Contracts.csproj", "{2105569E-9709-A6ED-D0D7-E649B00D93AF}"
EndProject
Project("{FAE04EC0-301F-11D3-BF4B-00C04F79EFBC}") = "Pam.Shared.Messaging", "src\Shared\Pam.Shared.Messaging\Pam.Shared.Messaging.csproj", "{07B217A0-9947-55C8-FE50-F04564F4DD8A}"
EndProject
Project("{FAE04EC0-301F-11D3-BF4B-00C04F79EFBC}") = "Pam.Shared", "src\Shared\Pam.Shared\Pam.Shared.csproj", "{23CC5ECD-AC23-76FF-161C-C457FFF8B2A4}"
EndProject
Project("{2150E333-8FDC-42A3-9474-1A3956D46DE8}") = "Modules", "Modules", "{EC447DCF-ABFA-6E24-52A5-D7FD48A5C558}"
EndProject
Project("{2150E333-8FDC-42A3-9474-1A3956D46DE8}") = "Operators", "Operators", "{021A5922-637F-3C93-39D9-1538B144F986}"
EndProject
Project("{FAE04EC0-301F-11D3-BF4B-00C04F79EFBC}") = "Pam.Operators", "src\Modules\Operators\Pam.Operators\Pam.Operators.csproj", "{15101257-49C7-4A02-BE57-92FE772ED413}"
EndProject
Project("{FAE04EC0-301F-11D3-BF4B-00C04F79EFBC}") = "Pam.Operators.Contracts", "src\Modules\Operators\Pam.Operators.Contracts\Pam.Operators.Contracts.csproj", "{696ABE3C-DBBD-490F-80E7-EAB3B5E84800}"
EndProject
Project("{2150E333-8FDC-42A3-9474-1A3956D46DE8}") = "tests", "tests", "{0AB3BF05-4346-4AA6-1389-037BE0695223}"
EndProject
Project("{FAE04EC0-301F-11D3-BF4B-00C04F79EFBC}") = "Pam.Operators.UnitTests", "tests\Pam.Operators.UnitTests\Pam.Operators.UnitTests.csproj", "{E2144ED9-4815-4FEB-9371-9F8E6AD6ABE7}"
EndProject
Global
	GlobalSection(SolutionConfigurationPlatforms) = preSolution
		Debug|Any CPU = Debug|Any CPU
		Debug|x64 = Debug|x64
		Debug|x86 = Debug|x86
		Release|Any CPU = Release|Any CPU
		Release|x64 = Release|x64
		Release|x86 = Release|x86
	EndGlobalSection
	GlobalSection(ProjectConfigurationPlatforms) = postSolution
		{F631B559-010E-6247-D0A9-8D145C902E44}.Debug|Any CPU.ActiveCfg = Debug|Any CPU
		{F631B559-010E-6247-D0A9-8D145C902E44}.Debug|Any CPU.Build.0 = Debug|Any CPU
		{F631B559-010E-6247-D0A9-8D145C902E44}.Debug|x64.ActiveCfg = Debug|Any CPU
		{F631B559-010E-6247-D0A9-8D145C902E44}.Debug|x64.Build.0 = Debug|Any CPU
		{F631B559-010E-6247-D0A9-8D145C902E44}.Debug|x86.ActiveCfg = Debug|Any CPU
		{F631B559-010E-6247-D0A9-8D145C902E44}.Debug|x86.Build.0 = Debug|Any CPU
		{F631B559-010E-6247-D0A9-8D145C902E44}.Release|Any CPU.ActiveCfg = Release|Any CPU
		{F631B559-010E-6247-D0A9-8D145C902E44}.Release|Any CPU.Build.0 = Release|Any CPU
		{F631B559-010E-6247-D0A9-8D145C902E44}.Release|x64.ActiveCfg = Release|Any CPU
		{F631B559-010E-6247-D0A9-8D145C902E44}.Release|x64.Build.0 = Release|Any CPU
		{F631B559-010E-6247-D0A9-8D145C902E44}.Release|x86.ActiveCfg = Release|Any CPU
		{F631B559-010E-6247-D0A9-8D145C902E44}.Release|x86.Build.0 = Release|Any CPU
		{2105569E-9709-A6ED-D0D7-E649B00D93AF}.Debug|Any CPU.ActiveCfg = Debug|Any CPU
		{2105569E-9709-A6ED-D0D7-E649B00D93AF}.Debug|Any CPU.Build.0 = Debug|Any CPU
		{2105569E-9709-A6ED-D0D7-E649B00D93AF}.Debug|x64.ActiveCfg = Debug|Any CPU
		{2105569E-9709-A6ED-D0D7-E649B00D93AF}.Debug|x64.Build.0 = Debug|Any CPU
		{2105569E-9709-A6ED-D0D7-E649B00D93AF}.Debug|x86.ActiveCfg = Debug|Any CPU
		{2105569E-9709-A6ED-D0D7-E649B00D93AF}.Debug|x86.Build.0 = Debug|Any CPU
		{2105569E-9709-A6ED-D0D7-E649B00D93AF}.Release|Any CPU.ActiveCfg = Release|Any CPU
		{2105569E-9709-A6ED-D0D7-E649B00D93AF}.Release|Any CPU.Build.0 = Release|Any CPU
		{2105569E-9709-A6ED-D0D7-E649B00D93AF}.Release|x64.ActiveCfg = Release|Any CPU
		{2105569E-9709-A6ED-D0D7-E649B00D93AF}.Release|x64.Build.0 = Release|Any CPU
		{2105569E-9709-A6ED-D0D7-E649B00D93AF}.Release|x86.ActiveCfg = Release|Any CPU
		{2105569E-9709-A6ED-D0D7-E649B00D93AF}.Release|x86.Build.0 = Release|Any CPU
		{07B217A0-9947-55C8-FE50-F04564F4DD8A}.Debug|Any CPU.ActiveCfg = Debug|Any CPU
		{07B217A0-9947-55C8-FE50-F04564F4DD8A}.Debug|Any CPU.Build.0 = Debug|Any CPU
		{07B217A0-9947-55C8-FE50-F04564F4DD8A}.Debug|x64.ActiveCfg = Debug|Any CPU
		{07B217A0-9947-55C8-FE50-F04564F4DD8A}.Debug|x64.Build.0 = Debug|Any CPU
		{07B217A0-9947-55C8-FE50-F04564F4DD8A}.Debug|x86.ActiveCfg = Debug|Any CPU
		{07B217A0-9947-55C8-FE50-F04564F4DD8A}.Debug|x86.Build.0 = Debug|Any CPU
		{07B217A0-9947-55C8-FE50-F04564F4DD8A}.Release|Any CPU.ActiveCfg = Release|Any CPU
		{07B217A0-9947-55C8-FE50-F04564F4DD8A}.Release|Any CPU.Build.0 = Release|Any CPU
		{07B217A0-9947-55C8-FE50-F04564F4DD8A}.Release|x64.ActiveCfg = Release|Any CPU
		{07B217A0-9947-55C8-FE50-F04564F4DD8A}.Release|x64.Build.0 = Release|Any CPU
		{07B217A0-9947-55C8-FE50-F04564F4DD8A}.Release|x86.ActiveCfg = Release|Any CPU
		{07B217A0-9947-55C8-FE50-F04564F4DD8A}.Release|x86.Build.0 = Release|Any CPU
		{23CC5ECD-AC23-76FF-161C-C457FFF8B2A4}.Debug|Any CPU.ActiveCfg = Debug|Any CPU
		{23CC5ECD-AC23-76FF-161C-C457FFF8B2A4}.Debug|Any CPU.Build.0 = Debug|Any CPU
		{23CC5ECD-AC23-76FF-161C-C457FFF8B2A4}.Debug|x64.ActiveCfg = Debug|Any CPU
		{23CC5ECD-AC23-76FF-161C-C457FFF8B2A4}.Debug|x64.Build.0 = Debug|Any CPU
		{23CC5ECD-AC23-76FF-161C-C457FFF8B2A4}.Debug|x86.ActiveCfg = Debug|Any CPU
		{23CC5ECD-AC23-76FF-161C-C457FFF8B2A4}.Debug|x86.Build.0 = Debug|Any CPU
		{23CC5ECD-AC23-76FF-161C-C457FFF8B2A4}.Release|Any CPU.ActiveCfg = Release|Any CPU
		{23CC5ECD-AC23-76FF-161C-C457FFF8B2A4}.Release|Any CPU.Build.0 = Release|Any CPU
		{23CC5ECD-AC23-76FF-161C-C457FFF8B2A4}.Release|x64.ActiveCfg = Release|Any CPU
		{23CC5ECD-AC23-76FF-161C-C457FFF8B2A4}.Release|x64.Build.0 = Release|Any CPU
		{23CC5ECD-AC23-76FF-161C-C457FFF8B2A4}.Release|x86.ActiveCfg = Release|Any CPU
		{23CC5ECD-AC23-76FF-161C-C457FFF8B2A4}.Release|x86.Build.0 = Release|Any CPU
		{15101257-49C7-4A02-BE57-92FE772ED413}.Debug|Any CPU.ActiveCfg = Debug|Any CPU
		{15101257-49C7-4A02-BE57-92FE772ED413}.Debug|Any CPU.Build.0 = Debug|Any CPU
		{15101257-49C7-4A02-BE57-92FE772ED413}.Debug|x64.ActiveCfg = Debug|Any CPU
		{15101257-49C7-4A02-BE57-92FE772ED413}.Debug|x64.Build.0 = Debug|Any CPU
		{15101257-49C7-4A02-BE57-92FE772ED413}.Debug|x86.ActiveCfg = Debug|Any CPU
		{15101257-49C7-4A02-BE57-92FE772ED413}.Debug|x86.Build.0 = Debug|Any CPU
		{15101257-49C7-4A02-BE57-92FE772ED413}.Release|Any CPU.ActiveCfg = Release|Any CPU
		{15101257-49C7-4A02-BE57-92FE772ED413}.Release|Any CPU.Build.0 = Release|Any CPU
		{15101257-49C7-4A02-BE57-92FE772ED413}.Release|x64.ActiveCfg = Release|Any CPU
		{15101257-49C7-4A02-BE57-92FE772ED413}.Release|x64.Build.0 = Release|Any CPU
		{15101257-49C7-4A02-BE57-92FE772ED413}.Release|x86.ActiveCfg = Release|Any CPU
		{15101257-49C7-4A02-BE57-92FE772ED413}.Release|x86.Build.0 = Release|Any CPU
		{696ABE3C-DBBD-490F-80E7-EAB3B5E84800}.Debug|Any CPU.ActiveCfg = Debug|Any CPU
		{696ABE3C-DBBD-490F-80E7-EAB3B5E84800}.Debug|Any CPU.Build.0 = Debug|Any CPU
		{696ABE3C-DBBD-490F-80E7-EAB3B5E84800}.Debug|x64.ActiveCfg = Debug|Any CPU
		{696ABE3C-DBBD-490F-80E7-EAB3B5E84800}.Debug|x64.Build.0 = Debug|Any CPU
		{696ABE3C-DBBD-490F-80E7-EAB3B5E84800}.Debug|x86.ActiveCfg = Debug|Any CPU
		{696ABE3C-DBBD-490F-80E7-EAB3B5E84800}.Debug|x86.Build.0 = Debug|Any CPU
		{696ABE3C-DBBD-490F-80E7-EAB3B5E84800}.Release|Any CPU.ActiveCfg = Release|Any CPU
		{696ABE3C-DBBD-490F-80E7-EAB3B5E84800}.Release|Any CPU.Build.0 = Release|Any CPU
		{696ABE3C-DBBD-490F-80E7-EAB3B5E84800}.Release|x64.ActiveCfg = Release|Any CPU
		{696ABE3C-DBBD-490F-80E7-EAB3B5E84800}.Release|x64.Build.0 = Release|Any CPU
		{696ABE3C-DBBD-490F-80E7-EAB3B5E84800}.Release|x86.ActiveCfg = Release|Any CPU
		{696ABE3C-DBBD-490F-80E7-EAB3B5E84800}.Release|x86.Build.0 = Release|Any CPU
		{E2144ED9-4815-4FEB-9371-9F8E6AD6ABE7}.Debug|Any CPU.ActiveCfg = Debug|Any CPU
		{E2144ED9-4815-4FEB-9371-9F8E6AD6ABE7}.Debug|Any CPU.Build.0 = Debug|Any CPU
		{E2144ED9-4815-4FEB-9371-9F8E6AD6ABE7}.Debug|x64.ActiveCfg = Debug|Any CPU
		{E2144ED9-4815-4FEB-9371-9F8E6AD6ABE7}.Debug|x64.Build.0 = Debug|Any CPU
		{E2144ED9-4815-4FEB-9371-9F8E6AD6ABE7}.Debug|x86.ActiveCfg = Debug|Any CPU
		{E2144ED9-4815-4FEB-9371-9F8E6AD6ABE7}.Debug|x86.Build.0 = Debug|Any CPU
		{E2144ED9-4815-4FEB-9371-9F8E6AD6ABE7}.Release|Any CPU.ActiveCfg = Release|Any CPU
		{E2144ED9-4815-4FEB-9371-9F8E6AD6ABE7}.Release|Any CPU.Build.0 = Release|Any CPU
		{E2144ED9-4815-4FEB-9371-9F8E6AD6ABE7}.Release|x64.ActiveCfg = Release|Any CPU
		{E2144ED9-4815-4FEB-9371-9F8E6AD6ABE7}.Release|x64.Build.0 = Release|Any CPU
		{E2144ED9-4815-4FEB-9371-9F8E6AD6ABE7}.Release|x86.ActiveCfg = Release|Any CPU
		{E2144ED9-4815-4FEB-9371-9F8E6AD6ABE7}.Release|x86.Build.0 = Release|Any CPU
	EndGlobalSection
	GlobalSection(SolutionProperties) = preSolution
		HideSolutionNode = FALSE
	EndGlobalSection
	GlobalSection(NestedProjects) = preSolution
		{A42421DF-83F2-EC56-5368-8ED134CB703A} = {827E0CD3-B72D-47B6-A68D-7590B98EB39B}
		{F631B559-010E-6247-D0A9-8D145C902E44} = {A42421DF-83F2-EC56-5368-8ED134CB703A}
		{C8E42992-5E42-0C2B-DBFE-AA848D06431C} = {827E0CD3-B72D-47B6-A68D-7590B98EB39B}
		{2105569E-9709-A6ED-D0D7-E649B00D93AF} = {C8E42992-5E42-0C2B-DBFE-AA848D06431C}
		{07B217A0-9947-55C8-FE50-F04564F4DD8A} = {C8E42992-5E42-0C2B-DBFE-AA848D06431C}
		{23CC5ECD-AC23-76FF-161C-C457FFF8B2A4} = {C8E42992-5E42-0C2B-DBFE-AA848D06431C}
		{EC447DCF-ABFA-6E24-52A5-D7FD48A5C558} = {827E0CD3-B72D-47B6-A68D-7590B98EB39B}
		{021A5922-637F-3C93-39D9-1538B144F986} = {EC447DCF-ABFA-6E24-52A5-D7FD48A5C558}
		{15101257-49C7-4A02-BE57-92FE772ED413} = {021A5922-637F-3C93-39D9-1538B144F986}
		{696ABE3C-DBBD-490F-80E7-EAB3B5E84800} = {021A5922-637F-3C93-39D9-1538B144F986}
		{E2144ED9-4815-4FEB-9371-9F8E6AD6ABE7} = {0AB3BF05-4346-4AA6-1389-037BE0695223}
	EndGlobalSection
	GlobalSection(ExtensibilityGlobals) = postSolution
		SolutionGuid = {68C7B6E1-5032-4426-9FE5-4AEBB1775008}
	EndGlobalSection
EndGlobal
